github.com/DazFather/brush v0.0.0-20250528164247-02213676a6a7 h1:lMH2lqW+qWQSVg+b6SXrumO/tDydKMC0WRreTtugNcI=
github.com/DazFather/brush v0.0.0-20250528164247-02213676a6a7/go.mod h1:jtHk8cTNoC8ZufJkBw2DGOqUvbWIVcyWEWtOcEjmfZY=
github.com/evanw/esbuild v0.28.1 h1:ds+yuRyUaZGx++GR56CrCeuXh8PVhVM4xq8v7PNELFc=
github.com/evanw/esbuild v0.28.1/go.mod h1:D2vIQZqV/vIf/VRHtViaUtViZmG7o+kKmlBfVQuRi48=
github.com/fsnotify/fsnotify v1.10.1 h1:b0/UzAf9yR5rhf3RPm9gf3ehBPpf0oZKIjtpKrx59Ho=
github.com/fsnotify/fsnotify v1.10.1/go.mod h1:TLheqan6HD6GBK6PrDWyDPBaEV8LspOxvPSjC+bVfgo=
golang.org/x/net v0.56.0 h1:Rw8j/hFzGvJUZwNBXnAtf5sVDVt+65SK2C7IxCxZt5o=
golang.org/x/net v0.56.0/go.mod h1:D3Ku6r+V6JROoZK144D2XfMHFcMq/0zSfLelVTCFKec=
golang.org/x/sys v0.0.0-20220715151400-c0bba94af5f8/go.mod h1:oPkhp1MJrh7nUepCBck5+mAzfO9JrbApNNgaTdGDITg=
golang.org/x/sys v0.46.0 h1:noSf2Fq6F8DBgS+LysIkx7rIExoNHJsxOAtPp4rthXw=
golang.org/x/sys v0.46.0/go.mod h1:4GL1E5IUh+htKOUEOaiffhrAeqysfVGipDYzABqnCmw=
golang.org/x/term v0.44.0 h1:0rLvDRCtNj0gZkyIXhCyOb2OAzEhLVqc4B+hrsBhrmc=
golang.org/x/term v0.44.0/go.mod h1:7ze4MdzUzLXpSAoFP1H0bOI9aXDqveSvatT5vKcFh2Y=
